
Microsoft Visual Studio Solution File, Format Version 12.00
# Visual Studio Version 16
VisualStudioVersion = 16.0.31727.386
MinimumVisualStudioVersion = 10.0.40219.1
Project("{FAE04EC0-301F-11D3-BF4B-00C04F79EFBC}") = "Carbon.Launcher", "Carbon.Launcher.csproj", "{F3BA3708-18C4-4FD1-BADE-046F5FCB6C95}"
EndProject
Global
	GlobalSection(SolutionConfigurationPlatforms) = preSolution
		Debug|Any CPU = Debug|Any CPU
		Release|Any CPU = Release|Any CPU
	EndGlobalSection
	GlobalSection(ProjectConfigurationPlatforms) = postSolution
		{F3BA3708-18C4-4FD1-BADE-046F5FCB6C95}.Debug|Any CPU.ActiveCfg = Debug|Any CPU
		{F3BA3708-18C4-4FD1-BADE-046F5FCB6C95}.Debug|Any CPU.Build.0 = Debug|Any CPU
		{F3BA3708-18C4-4FD1-BADE-046F5FCB6C95}.Release|Any CPU.ActiveCfg = Release|Any CPU
		{F3BA3708-18C4-4FD1-BADE-046F5FCB6C95}.Release|Any CPU.Build.0 = Release|Any CPU
	EndGlobalSection
	GlobalSection(SolutionProperties) = preSolution
		HideSolutionNode = FALSE
	EndGlobalSection
	GlobalSection(ExtensibilityGlobals) = postSolution
		SolutionGuid = {AA3D19DB-F58D-45D3-83FD-02527062DCAA}
	EndGlobalSection
EndGlobal
